
Microsoft Visual Studio Solution File, Format Version 12.00
# Visual Studio Version 17
VisualStudioVersion = 17.4.33110.190
MinimumVisualStudioVersion = 10.0.40219.1
Project("{FAE04EC0-301F-11D3-BF4B-00C04F79EFBC}") = "FigureCalculator", "MindBoxProject\FigureCalculator.csproj", "{F5895D9A-6717-4287-9F15-18F338321D81}"
EndProject
Project("{FAE04EC0-301F-11D3-BF4B-00C04F79EFBC}") = "FigureCalculator.Tests", "FigureCalculator.Tests\FigureCalculator.Tests.csproj", "{F9CC6B81-4AFA-41AF-B392-A8462BD43729}"
EndProject
Global
	GlobalSection(SolutionConfigurationPlatforms) = preSolution
		Debug|Any CPU = Debug|Any CPU
		Release|Any CPU = Release|Any CPU
	EndGlobalSection
	GlobalSection(ProjectConfigurationPlatforms) = postSolution
		{F5895D9A-6717-4287-9F15-18F338321D81}.Debug|Any CPU.ActiveCfg = Debug|Any CPU
		{F5895D9A-6717-4287-9F15-18F338321D81}.Debug|Any CPU.Build.0 = Debug|Any CPU
		{F5895D9A-6717-4287-9F15-18F338321D81}.Release|Any CPU.ActiveCfg = Release|Any CPU
		{F5895D9A-6717-4287-9F15-18F338321D81}.Release|Any CPU.Build.0 = Release|Any CPU
		{F9CC6B81-4AFA-41AF-B392-A8462BD43729}.Debug|Any CPU.ActiveCfg = Debug|Any CPU
		{F9CC6B81-4AFA-41AF-B392-A8462BD43729}.Debug|Any CPU.Build.0 = Debug|Any CPU
		{F9CC6B81-4AFA-41AF-B392-A8462BD43729}.Release|Any CPU.ActiveCfg = Release|Any CPU
		{F9CC6B81-4AFA-41AF-B392-A8462BD43729}.Release|Any CPU.Build.0 = Release|Any CPU
	EndGlobalSection
	GlobalSection(SolutionProperties) = preSolution
		HideSolutionNode = FALSE
	EndGlobalSection
	GlobalSection(ExtensibilityGlobals) = postSolution
		SolutionGuid = {A97D6B6A-6CBE-4F20-9671-6B1E724A902A}
	EndGlobalSection
EndGlobal
